
Microsoft Visual Studio Solution File, Format Version 12.00
# Visual Studio Version 17
VisualStudioVersion = 17.3.32929.385
MinimumVisualStudioVersion = 10.0.40219.1
Project("{FAE04EC0-301F-11D3-BF4B-00C04F79EFBC}") = "DigiBank", "DigiBank\DigiBank.csproj", "{639A8FC2-642F-468C-9268-C259404623FD}"
EndProject
Global
	GlobalSection(SolutionConfigurationPlatforms) = preSolution
		Debug|Any CPU = Debug|Any CPU
		Release|Any CPU = Release|Any CPU
	EndGlobalSection
	GlobalSection(ProjectConfigurationPlatforms) = postSolution
		{639A8FC2-642F-468C-9268-C259404623FD}.Debug|Any CPU.ActiveCfg = Debug|Any CPU
		{639A8FC2-642F-468C-9268-C259404623FD}.Debug|Any CPU.Build.0 = Debug|Any CPU
		{639A8FC2-642F-468C-9268-C259404623FD}.Release|Any CPU.ActiveCfg = Release|Any CPU
		{639A8FC2-642F-468C-9268-C259404623FD}.Release|Any CPU.Build.0 = Release|Any CPU
	EndGlobalSection
	GlobalSection(SolutionProperties) = preSolution
		HideSolutionNode = FALSE
	EndGlobalSection
	GlobalSection(ExtensibilityGlobals) = postSolution
		SolutionGuid = {8AA7DFD8-76EC-436C-BEB4-7A238BC04F79}
	EndGlobalSection
EndGlobal
